
Microsoft Visual Studio Solution File, Format Version 12.00
# Visual Studio Version 17
VisualStudioVersion = 17.13.35806.99 d17.13
MinimumVisualStudioVersion = 10.0.40219.1
Project("{FAE04EC0-301F-11D3-BF4B-00C04F79EFBC}") = "elempleo.Management", "elempleo.Management\elempleo.Management.csproj", "{CE98C66F-45B1-45D1-B8AA-60FDC6937CC3}"
EndProject
Project("{FAE04EC0-301F-11D3-BF4B-00C04F79EFBC}") = "elempleo.Management.Repository", "elempleo.Management.Repository\elempleo.Management.Repository.csproj", "{9EEAE073-9857-460B-BFAA-A07977ABA65E}"
EndProject
Project("{FAE04EC0-301F-11D3-BF4B-00C04F79EFBC}") = "elempleo.Management.Model", "elempleo.Management.Model\elempleo.Management.Model.csproj", "{AF0CB484-1901-40B5-B9D7-6BA4B3074270}"
EndProject
Project("{FAE04EC0-301F-11D3-BF4B-00C04F79EFBC}") = "elempleo.Management.Services", "elempleo.Management.Service\elempleo.Management.Services.csproj", "{50FA6067-14F1-46F1-AB0B-FB48CC723FB3}"
EndProject
Project("{FAE04EC0-301F-11D3-BF4B-00C04F79EFBC}") = "elempleo.Management.BusinessServices", "elempleo.Management.BusinessServices\elempleo.Management.BusinessServices.csproj", "{43EC45B1-D23D-4427-B4F8-F3F5A15EDF06}"
EndProject
Global
	GlobalSection(SolutionConfigurationPlatforms) = preSolution
		Debug|Any CPU = Debug|Any CPU
		Release|Any CPU = Release|Any CPU
	EndGlobalSection
	GlobalSection(ProjectConfigurationPlatforms) = postSolution
		{CE98C66F-45B1-45D1-B8AA-60FDC6937CC3}.Debug|Any CPU.ActiveCfg = Debug|Any CPU
		{CE98C66F-45B1-45D1-B8AA-60FDC6937CC3}.Debug|Any CPU.Build.0 = Debug|Any CPU
		{CE98C66F-45B1-45D1-B8AA-60FDC6937CC3}.Release|Any CPU.ActiveCfg = Release|Any CPU
		{CE98C66F-45B1-45D1-B8AA-60FDC6937CC3}.Release|Any CPU.Build.0 = Release|Any CPU
		{9EEAE073-9857-460B-BFAA-A07977ABA65E}.Debug|Any CPU.ActiveCfg = Debug|Any CPU
		{9EEAE073-9857-460B-BFAA-A07977ABA65E}.Debug|Any CPU.Build.0 = Debug|Any CPU
		{9EEAE073-9857-460B-BFAA-A07977ABA65E}.Release|Any CPU.ActiveCfg = Release|Any CPU
		{9EEAE073-9857-460B-BFAA-A07977ABA65E}.Release|Any CPU.Build.0 = Release|Any CPU
		{AF0CB484-1901-40B5-B9D7-6BA4B3074270}.Debug|Any CPU.ActiveCfg = Debug|Any CPU
		{AF0CB484-1901-40B5-B9D7-6BA4B3074270}.Debug|Any CPU.Build.0 = Debug|Any CPU
		{AF0CB484-1901-40B5-B9D7-6BA4B3074270}.Release|Any CPU.ActiveCfg = Release|Any CPU
		{AF0CB484-1901-40B5-B9D7-6BA4B3074270}.Release|Any CPU.Build.0 = Release|Any CPU
		{50FA6067-14F1-46F1-AB0B-FB48CC723FB3}.Debug|Any CPU.ActiveCfg = Debug|Any CPU
		{50FA6067-14F1-46F1-AB0B-FB48CC723FB3}.Debug|Any CPU.Build.0 = Debug|Any CPU
		{50FA6067-14F1-46F1-AB0B-FB48CC723FB3}.Release|Any CPU.ActiveCfg = Release|Any CPU
		{50FA6067-14F1-46F1-AB0B-FB48CC723FB3}.Release|Any CPU.Build.0 = Release|Any CPU
		{43EC45B1-D23D-4427-B4F8-F3F5A15EDF06}.Debug|Any CPU.ActiveCfg = Debug|Any CPU
		{43EC45B1-D23D-4427-B4F8-F3F5A15EDF06}.Debug|Any CPU.Build.0 = Debug|Any CPU
		{43EC45B1-D23D-4427-B4F8-F3F5A15EDF06}.Release|Any CPU.ActiveCfg = Release|Any CPU
		{43EC45B1-D23D-4427-B4F8-F3F5A15EDF06}.Release|Any CPU.Build.0 = Release|Any CPU
	EndGlobalSection
	GlobalSection(SolutionProperties) = preSolution
		HideSolutionNode = FALSE
	EndGlobalSection
	GlobalSection(ExtensibilityGlobals) = postSolution
		SolutionGuid = {EC9C3DCE-DB97-40E6-92C9-C8C88CD6F454}
	EndGlobalSection
EndGlobal
